
Microsoft Visual Studio Solution File, Format Version 12.00
# Visual Studio Version 16
VisualStudioVersion = 16.0.31702.278
MinimumVisualStudioVersion = 10.0.40219.1
Project("{FAE04EC0-301F-11D3-BF4B-00C04F79EFBC}") = "Laboratorna5Work2", "Laboratorna5Work2\Laboratorna5Work2.csproj", "{24DD48A6-A19E-4A99-BDE0-19B9B44FD9ED}"
EndProject
Global
	GlobalSection(SolutionConfigurationPlatforms) = preSolution
		Debug|Any CPU = Debug|Any CPU
		Release|Any CPU = Release|Any CPU
	EndGlobalSection
	GlobalSection(ProjectConfigurationPlatforms) = postSolution
		{24DD48A6-A19E-4A99-BDE0-19B9B44FD9ED}.Debug|Any CPU.ActiveCfg = Debug|Any CPU
		{24DD48A6-A19E-4A99-BDE0-19B9B44FD9ED}.Debug|Any CPU.Build.0 = Debug|Any CPU
		{24DD48A6-A19E-4A99-BDE0-19B9B44FD9ED}.Release|Any CPU.ActiveCfg = Release|Any CPU
		{24DD48A6-A19E-4A99-BDE0-19B9B44FD9ED}.Release|Any CPU.Build.0 = Release|Any CPU
	EndGlobalSection
	GlobalSection(SolutionProperties) = preSolution
		HideSolutionNode = FALSE
	EndGlobalSection
	GlobalSection(ExtensibilityGlobals) = postSolution
		SolutionGuid = {E2FCEC69-2FB7-4D37-B9DA-D46A970426F2}
	EndGlobalSection
EndGlobal
